# THIS IS AN AUTOGENERATED FILE. DO NOT EDIT THIS FILE DIRECTLY.
assets/ajax-cart.js.liquid:
  development: 2017-09-03T14:48:58-07:00   d81b9aa1ba93f1fdd6c0d69f94c57471
assets/timber.scss.liquid:
  development: 2017-09-03T18:43:36-07:00   b238f24b0e2579f4cb94775a9f49aeee
layout/theme.liquid:
  development: 2017-09-03T18:16:51-07:00   cf4e71cddc620ba7b3986714ca88b40c
snippets/ajax-cart-template.liquid:
  development: 2017-09-03T14:16:04-07:00   e6fa15367ab47a164d9dc8e47353c684
templates/cart.liquid:
  development: 2017-09-03T18:50:03-07:00   a253648664326ae44ea285330d09a462
templates/page.store.liquid:
  development: 2017-09-03T13:24:33-07:00   e57d988179dca3fa3ec31a88e0736e55
templates/product.liquid:
  development: 2017-09-03T17:26:55-07:00   d26946e4269077d08594061a1de33eb2
